
Microsoft Visual Studio Solution File, Format Version 12.00
# Visual Studio Version 17
VisualStudioVersion = 17.1.32210.238
MinimumVisualStudioVersion = 10.0.40219.1
Project("{FAE04EC0-301F-11D3-BF4B-00C04F79EFBC}") = "WpfApp1", "WpfApp1\WpfApp1.csproj", "{8D875C59-3544-4ADC-A16B-62821B004202}"
EndProject
Global
	GlobalSection(SolutionConfigurationPlatforms) = preSolution
		Debug|Any CPU = Debug|Any CPU
		Release|Any CPU = Release|Any CPU
	EndGlobalSection
	GlobalSection(ProjectConfigurationPlatforms) = postSolution
		{8D875C59-3544-4ADC-A16B-62821B004202}.Debug|Any CPU.ActiveCfg = Debug|Any CPU
		{8D875C59-3544-4ADC-A16B-62821B004202}.Debug|Any CPU.Build.0 = Debug|Any CPU
		{8D875C59-3544-4ADC-A16B-62821B004202}.Release|Any CPU.ActiveCfg = Release|Any CPU
		{8D875C59-3544-4ADC-A16B-62821B004202}.Release|Any CPU.Build.0 = Release|Any CPU
	EndGlobalSection
	GlobalSection(SolutionProperties) = preSolution
		HideSolutionNode = FALSE
	EndGlobalSection
	GlobalSection(ExtensibilityGlobals) = postSolution
		SolutionGuid = {4B92E946-199C-4069-95CF-759C7E623E59}
	EndGlobalSection
EndGlobal
